
Microsoft Visual Studio Solution File, Format Version 12.00
# Visual Studio Version 17
VisualStudioVersion = 17.3.32929.385
MinimumVisualStudioVersion = 10.0.40219.1
Project("{FAE04EC0-301F-11D3-BF4B-00C04F79EFBC}") = "Module3", "Module3\Module3.csproj", "{489E3070-669D-4802-81D5-ABAA00EA496C}"
EndProject
Global
	GlobalSection(SolutionConfigurationPlatforms) = preSolution
		Debug|Any CPU = Debug|Any CPU
		Release|Any CPU = Release|Any CPU
	EndGlobalSection
	GlobalSection(ProjectConfigurationPlatforms) = postSolution
		{489E3070-669D-4802-81D5-ABAA00EA496C}.Debug|Any CPU.ActiveCfg = Debug|Any CPU
		{489E3070-669D-4802-81D5-ABAA00EA496C}.Debug|Any CPU.Build.0 = Debug|Any CPU
		{489E3070-669D-4802-81D5-ABAA00EA496C}.Release|Any CPU.ActiveCfg = Release|Any CPU
		{489E3070-669D-4802-81D5-ABAA00EA496C}.Release|Any CPU.Build.0 = Release|Any CPU
	EndGlobalSection
	GlobalSection(SolutionProperties) = preSolution
		HideSolutionNode = FALSE
	EndGlobalSection
	GlobalSection(ExtensibilityGlobals) = postSolution
		SolutionGuid = {133CDEFF-FB1B-454D-A9C2-5EADBF0BC49B}
	EndGlobalSection
EndGlobal
